
Microsoft Visual Studio Solution File, Format Version 12.00
# Visual Studio Version 18
VisualStudioVersion = 18.0.11116.177
MinimumVisualStudioVersion = 15.0.26124.0
Project("{2150E333-8FDC-42A3-9474-1A3956D46DE8}") = "src", "src", "{D30CBF2D-71E6-43EE-85EC-BF193B03782D}"
EndProject
Project("{9A19103F-16F7-4668-BE54-9A1E7A4F7556}") = "Delius.Parser", "src\Delius.Parser\Delius.Parser.csproj", "{59610D37-9788-4B5B-92C3-2ABF39BE821A}"
EndProject
Project("{9A19103F-16F7-4668-BE54-9A1E7A4F7556}") = "Offloc.Cleaner", "src\Offloc.Cleaner\Offloc.Cleaner.csproj", "{7362A124-F12D-4E8D-A845-4AC2678D18F6}"
EndProject
Project("{9A19103F-16F7-4668-BE54-9A1E7A4F7556}") = "Offloc.Parser", "src\Offloc.Parser\Offloc.Parser.csproj", "{7691253C-BDDA-4BEE-ACEF-879B84F270F4}"
EndProject
Project("{9A19103F-16F7-4668-BE54-9A1E7A4F7556}") = "Messaging", "src\Libraries\Messaging\Messaging.csproj", "{AD41D2AA-7403-43A7-9D34-7700A4AF9F85}"
EndProject
Project("{9A19103F-16F7-4668-BE54-9A1E7A4F7556}") = "Import", "src\Import\Import.csproj", "{47A53A37-1E8C-479C-B3B5-276D2D05154E}"
EndProject
Project("{42EA0DBD-9CF1-443E-919E-BE9C484E4577}") = "OfflocStagingDb", "src\Database\OfflocStagingDb\OfflocStagingDb.sqlproj", "{0FA34F76-91ED-4037-883D-5916258BA65A}"
EndProject
Project("{42EA0DBD-9CF1-443E-919E-BE9C484E4577}") = "DeliusStagingDb", "src\Database\DeliusStagingDb\DeliusStagingDb.sqlproj", "{5E86F978-BE47-458C-ADE7-D3B5B47C514A}"
EndProject
Project("{9A19103F-16F7-4668-BE54-9A1E7A4F7556}") = "Cleanup", "src\Cleanup\Cleanup.csproj", "{4C0C21B2-853F-44FD-A867-66AC42F18665}"
EndProject
Project("{2150E333-8FDC-42A3-9474-1A3956D46DE8}") = "Delius", "Delius", "{581C4EBC-8973-4D51-BD8E-F76AA4E16773}"
EndProject
Project("{2150E333-8FDC-42A3-9474-1A3956D46DE8}") = "Offloc", "Offloc", "{25487F3E-ECA0-4FC3-A61F-13DCC56974D1}"
EndProject
Project("{2150E333-8FDC-42A3-9474-1A3956D46DE8}") = "Class Libraries", "Class Libraries", "{605FBD70-9552-462C-BAC2-90D4655F1A27}"
EndProject
Project("{2150E333-8FDC-42A3-9474-1A3956D46DE8}") = "Staging", "Staging", "{C4AA533A-1A3C-4BBC-BA2B-A678FB784CA2}"
EndProject
Project("{2150E333-8FDC-42A3-9474-1A3956D46DE8}") = "Merging", "Merging", "{8242D833-6E75-4EAA-9EB1-57B7EC128354}"
EndProject
Project("{9A19103F-16F7-4668-BE54-9A1E7A4F7556}") = "DbInteractions", "src\DbInteractions\DbInteractions.csproj", "{9C5EAA04-DC75-41BA-B602-9784F6212D25}"
EndProject
Project("{9A19103F-16F7-4668-BE54-9A1E7A4F7556}") = "EnvironmentSetup", "src\Libraries\EnvironmentSetup\EnvironmentSetup.csproj", "{10EB5D1A-9986-4919-9A68-8AF4489DFCA6}"
EndProject
Project("{2150E333-8FDC-42A3-9474-1A3956D46DE8}") = "Solution Items", "Solution Items", "{D3DAF78A-03D7-42EC-8B73-4B4622E61EF8}"
	ProjectSection(SolutionItems) = preProject
		.gitignore = .gitignore
		base.development.env = base.development.env
		development.docker.env = development.docker.env
		development.local.env = development.local.env
		Directory.Build.props = Directory.Build.props
		Directory.Packages.props = Directory.Packages.props
		NuGet.config = NuGet.config
		PublishDMS.ps1 = PublishDMS.ps1
		README.md = README.md
	EndProjectSection
EndProject
Project("{9A19103F-16F7-4668-BE54-9A1E7A4F7556}") = "Logging", "src\Logging\Logging.csproj", "{F589600C-8148-4AE7-BC82-5E1D4BF9A2CF}"
EndProject
Project("{9A19103F-16F7-4668-BE54-9A1E7A4F7556}") = "Blocking", "src\Blocking\Blocking.csproj", "{F08A806A-C1B9-40D7-9BE6-F47DBD66B259}"
EndProject
Project("{42EA0DBD-9CF1-443E-919E-BE9C484E4577}") = "MatchingDb", "src\Database\MatchingDb\MatchingDb.sqlproj", "{128D9167-3DC4-4D91-9837-CC4FDC664B13}"
EndProject
Project("{2150E333-8FDC-42A3-9474-1A3956D46DE8}") = "Matching", "Matching", "{B6043229-B4C5-4DA1-9204-75875A6CF80F}"
EndProject
Project("{9A19103F-16F7-4668-BE54-9A1E7A4F7556}") = "Matching.Engine", "src\Matching.Engine\Matching.Engine.csproj", "{D75540B8-FE85-47E0-83A4-D381C97559D0}"
EndProject
Project("{9A19103F-16F7-4668-BE54-9A1E7A4F7556}") = "Matching.Core", "src\Libraries\Matching.Core\Matching.Core.csproj", "{17500BC8-5DBF-415F-9454-C24EFA8EBC59}"
EndProject
Project("{42EA0DBD-9CF1-443E-919E-BE9C484E4577}") = "ClusterDb", "src\Database\ClusterDb\ClusterDb.sqlproj", "{17582F6C-FC3E-427B-BDD0-FD721C6C318B}"
EndProject
Project("{42EA0DBD-9CF1-443E-919E-BE9C484E4577}") = "DeliusRunningPictureDb", "src\Database\DeliusRunningPictureDb\DeliusRunningPictureDb.sqlproj", "{F9C6ADBE-15FB-409E-BFED-A48EEBF393A7}"
EndProject
Project("{42EA0DBD-9CF1-443E-919E-BE9C484E4577}") = "OfflocRunningPictureDb", "src\Database\OfflocRunningPictureDb\OfflocRunningPictureDb.sqlproj", "{A1A8A7ED-D3D2-4916-866A-9AEB510840AC}"
EndProject
Project("{9A19103F-16F7-4668-BE54-9A1E7A4F7556}") = "API", "src\API\API.csproj", "{EBFD06D5-A7B3-48B7-8646-3155538BC867}"
EndProject
Project("{FAE04EC0-301F-11D3-BF4B-00C04F79EFBC}") = "Aspire.AppHost", "src\Aspire\Aspire.AppHost\Aspire.AppHost.csproj", "{F00FE6A0-A6B1-4877-B988-69690D11066B}"
EndProject
Project("{9A19103F-16F7-4668-BE54-9A1E7A4F7556}") = "Aspire.ServiceDefaults", "src\Aspire\Aspire.ServiceDefaults\Aspire.ServiceDefaults.csproj", "{257BF0CC-7E4B-44EF-A01D-54BD003EE089}"
EndProject
Project("{FAE04EC0-301F-11D3-BF4B-00C04F79EFBC}") = "Meow", "src\Meow\Meow.csproj", "{F300A5B2-A029-F04C-F6BB-AD41877264E3}"
EndProject
Project("{FAE04EC0-301F-11D3-BF4B-00C04F79EFBC}") = "Infrastructure", "src\Libraries\Infrastructure\Infrastructure.csproj", "{CBE1DCBE-419F-4F3B-ABDE-D1416A4A40F7}"
EndProject
Project("{FAE04EC0-301F-11D3-BF4B-00C04F79EFBC}") = "Visualiser", "src\Visualiser\Visualiser.csproj", "{C512532D-ADF0-D460-B843-C239A2A093EC}"
EndProject
Project("{42EA0DBD-9CF1-443E-919E-BE9C484E4577}") = "AuditDb", "src\Database\AuditDb\AuditDb.sqlproj", "{22A80A04-1AC5-46F1-BE57-DE9B1456B34E}"
EndProject
Project("{FAE04EC0-301F-11D3-BF4B-00C04F79EFBC}") = "FakeDataSeeder", "src\FakeDataSeeder\FakeDataSeeder.csproj", "{F7F37423-FFBD-4093-AC69-E1D38B208998}"
EndProject
Project("{FAE04EC0-301F-11D3-BF4B-00C04F79EFBC}") = "FileSync", "src\FileSync\FileSync.csproj", "{74BC61BE-4CAC-4310-8BEA-82135EFE5B07}"
EndProject
Project("{2150E333-8FDC-42A3-9474-1A3956D46DE8}") = "tests", "tests", "{0AB3BF05-4346-4AA6-1389-037BE0695223}"
EndProject
Project("{FAE04EC0-301F-11D3-BF4B-00C04F79EFBC}") = "Api.Tests", "tests\Api.Tests\Api.Tests.csproj", "{6376162B-BD8C-4FDF-A68C-2409C0227867}"
EndProject
Project("{FAE04EC0-301F-11D3-BF4B-00C04F79EFBC}") = "Matching.Engine.Tests", "tests\Matching.Engine.Tests\Matching.Engine.Tests.csproj", "{1F0C2D67-F895-4E73-952D-C7EEE59E403B}"
EndProject
Project("{2150E333-8FDC-42A3-9474-1A3956D46DE8}") = "Libraries", "Libraries", "{B9D0FD61-3B03-4F77-C813-744B40F67260}"
EndProject
Project("{FAE04EC0-301F-11D3-BF4B-00C04F79EFBC}") = "FileSync.Tests", "tests\FileSync.Tests\FileSync.Tests.csproj", "{877124DB-D37E-4C2C-A01A-03B76DA6AF56}"
EndProject
Project("{FAE04EC0-301F-11D3-BF4B-00C04F79EFBC}") = "Offloc.Parser.Tests", "tests\Offloc.Parser.Tests\Offloc.Parser.Tests.csproj", "{10A645A2-039D-4906-BCB7-DBE12B0EF34D}"
EndProject
Project("{FAE04EC0-301F-11D3-BF4B-00C04F79EFBC}") = "Offloc.Cleaner.Tests", "tests\Offloc.Cleaner.Tests\Offloc.Cleaner.Tests.csproj", "{199066EA-192B-4126-A1BC-85900CDCA1DD}"
EndProject
Global
	GlobalSection(SolutionConfigurationPlatforms) = preSolution
		Debug|Any CPU = Debug|Any CPU
		Debug|x64 = Debug|x64
		Debug|x86 = Debug|x86
		Release|Any CPU = Release|Any CPU
		Release|x64 = Release|x64
		Release|x86 = Release|x86
	EndGlobalSection
	GlobalSection(ProjectConfigurationPlatforms) = postSolution
		{59610D37-9788-4B5B-92C3-2ABF39BE821A}.Debug|Any CPU.ActiveCfg = Debug|Any CPU
		{59610D37-9788-4B5B-92C3-2ABF39BE821A}.Debug|Any CPU.Build.0 = Debug|Any CPU
		{59610D37-9788-4B5B-92C3-2ABF39BE821A}.Debug|x64.ActiveCfg = Debug|Any CPU
		{59610D37-9788-4B5B-92C3-2ABF39BE821A}.Debug|x64.Build.0 = Debug|Any CPU
		{59610D37-9788-4B5B-92C3-2ABF39BE821A}.Debug|x86.ActiveCfg = Debug|Any CPU
		{59610D37-9788-4B5B-92C3-2ABF39BE821A}.Debug|x86.Build.0 = Debug|Any CPU
		{59610D37-9788-4B5B-92C3-2ABF39BE821A}.Release|Any CPU.ActiveCfg = Release|Any CPU
		{59610D37-9788-4B5B-92C3-2ABF39BE821A}.Release|Any CPU.Build.0 = Release|Any CPU
		{59610D37-9788-4B5B-92C3-2ABF39BE821A}.Release|x64.ActiveCfg = Release|Any CPU
		{59610D37-9788-4B5B-92C3-2ABF39BE821A}.Release|x64.Build.0 = Release|Any CPU
		{59610D37-9788-4B5B-92C3-2ABF39BE821A}.Release|x86.ActiveCfg = Release|Any CPU
		{59610D37-9788-4B5B-92C3-2ABF39BE821A}.Release|x86.Build.0 = Release|Any CPU
		{7362A124-F12D-4E8D-A845-4AC2678D18F6}.Debug|Any CPU.ActiveCfg = Debug|Any CPU
		{7362A124-F12D-4E8D-A845-4AC2678D18F6}.Debug|Any CPU.Build.0 = Debug|Any CPU
		{7362A124-F12D-4E8D-A845-4AC2678D18F6}.Debug|x64.ActiveCfg = Debug|Any CPU
		{7362A124-F12D-4E8D-A845-4AC2678D18F6}.Debug|x64.Build.0 = Debug|Any CPU
		{7362A124-F12D-4E8D-A845-4AC2678D18F6}.Debug|x86.ActiveCfg = Debug|Any CPU
		{7362A124-F12D-4E8D-A845-4AC2678D18F6}.Debug|x86.Build.0 = Debug|Any CPU
		{7362A124-F12D-4E8D-A845-4AC2678D18F6}.Release|Any CPU.ActiveCfg = Release|Any CPU
		{7362A124-F12D-4E8D-A845-4AC2678D18F6}.Release|Any CPU.Build.0 = Release|Any CPU
		{7362A124-F12D-4E8D-A845-4AC2678D18F6}.Release|x64.ActiveCfg = Release|Any CPU
		{7362A124-F12D-4E8D-A845-4AC2678D18F6}.Release|x64.Build.0 = Release|Any CPU
		{7362A124-F12D-4E8D-A845-4AC2678D18F6}.Release|x86.ActiveCfg = Release|Any CPU
		{7362A124-F12D-4E8D-A845-4AC2678D18F6}.Release|x86.Build.0 = Release|Any CPU
		{7691253C-BDDA-4BEE-ACEF-879B84F270F4}.Debug|Any CPU.ActiveCfg = Debug|Any CPU
		{7691253C-BDDA-4BEE-ACEF-879B84F270F4}.Debug|Any CPU.Build.0 = Debug|Any CPU
		{7691253C-BDDA-4BEE-ACEF-879B84F270F4}.Debug|x64.ActiveCfg = Debug|Any CPU
		{7691253C-BDDA-4BEE-ACEF-879B84F270F4}.Debug|x64.Build.0 = Debug|Any CPU
		{7691253C-BDDA-4BEE-ACEF-879B84F270F4}.Debug|x86.ActiveCfg = Debug|Any CPU
		{7691253C-BDDA-4BEE-ACEF-879B84F270F4}.Debug|x86.Build.0 = Debug|Any CPU
		{7691253C-BDDA-4BEE-ACEF-879B84F270F4}.Release|Any CPU.ActiveCfg = Release|Any CPU
		{7691253C-BDDA-4BEE-ACEF-879B84F270F4}.Release|Any CPU.Build.0 = Release|Any CPU
		{7691253C-BDDA-4BEE-ACEF-879B84F270F4}.Release|x64.ActiveCfg = Release|Any CPU
		{7691253C-BDDA-4BEE-ACEF-879B84F270F4}.Release|x64.Build.0 = Release|Any CPU
		{7691253C-BDDA-4BEE-ACEF-879B84F270F4}.Release|x86.ActiveCfg = Release|Any CPU
		{7691253C-BDDA-4BEE-ACEF-879B84F270F4}.Release|x86.Build.0 = Release|Any CPU
		{AD41D2AA-7403-43A7-9D34-7700A4AF9F85}.Debug|Any CPU.ActiveCfg = Debug|Any CPU
		{AD41D2AA-7403-43A7-9D34-7700A4AF9F85}.Debug|Any CPU.Build.0 = Debug|Any CPU
		{AD41D2AA-7403-43A7-9D34-7700A4AF9F85}.Debug|x64.ActiveCfg = Debug|Any CPU
		{AD41D2AA-7403-43A7-9D34-7700A4AF9F85}.Debug|x64.Build.0 = Debug|Any CPU
		{AD41D2AA-7403-43A7-9D34-7700A4AF9F85}.Debug|x86.ActiveCfg = Debug|Any CPU
		{AD41D2AA-7403-43A7-9D34-7700A4AF9F85}.Debug|x86.Build.0 = Debug|Any CPU
		{AD41D2AA-7403-43A7-9D34-7700A4AF9F85}.Release|Any CPU.ActiveCfg = Release|Any CPU
		{AD41D2AA-7403-43A7-9D34-7700A4AF9F85}.Release|Any CPU.Build.0 = Release|Any CPU
		{AD41D2AA-7403-43A7-9D34-7700A4AF9F85}.Release|x64.ActiveCfg = Release|Any CPU
		{AD41D2AA-7403-43A7-9D34-7700A4AF9F85}.Release|x64.Build.0 = Release|Any CPU
		{AD41D2AA-7403-43A7-9D34-7700A4AF9F85}.Release|x86.ActiveCfg = Release|Any CPU
		{AD41D2AA-7403-43A7-9D34-7700A4AF9F85}.Release|x86.Build.0 = Release|Any CPU
		{47A53A37-1E8C-479C-B3B5-276D2D05154E}.Debug|Any CPU.ActiveCfg = Debug|Any CPU
		{47A53A37-1E8C-479C-B3B5-276D2D05154E}.Debug|Any CPU.Build.0 = Debug|Any CPU
		{47A53A37-1E8C-479C-B3B5-276D2D05154E}.Debug|x64.ActiveCfg = Debug|Any CPU
		{47A53A37-1E8C-479C-B3B5-276D2D05154E}.Debug|x64.Build.0 = Debug|Any CPU
		{47A53A37-1E8C-479C-B3B5-276D2D05154E}.Debug|x86.ActiveCfg = Debug|Any CPU
		{47A53A37-1E8C-479C-B3B5-276D2D05154E}.Debug|x86.Build.0 = Debug|Any CPU
		{47A53A37-1E8C-479C-B3B5-276D2D05154E}.Release|Any CPU.ActiveCfg = Release|Any CPU
		{47A53A37-1E8C-479C-B3B5-276D2D05154E}.Release|Any CPU.Build.0 = Release|Any CPU
		{47A53A37-1E8C-479C-B3B5-276D2D05154E}.Release|x64.ActiveCfg = Release|Any CPU
		{47A53A37-1E8C-479C-B3B5-276D2D05154E}.Release|x64.Build.0 = Release|Any CPU
		{47A53A37-1E8C-479C-B3B5-276D2D05154E}.Release|x86.ActiveCfg = Release|Any CPU
		{47A53A37-1E8C-479C-B3B5-276D2D05154E}.Release|x86.Build.0 = Release|Any CPU
		{0FA34F76-91ED-4037-883D-5916258BA65A}.Debug|Any CPU.ActiveCfg = Debug|Any CPU
		{0FA34F76-91ED-4037-883D-5916258BA65A}.Debug|Any CPU.Build.0 = Debug|Any CPU
		{0FA34F76-91ED-4037-883D-5916258BA65A}.Debug|Any CPU.Deploy.0 = Debug|Any CPU
		{0FA34F76-91ED-4037-883D-5916258BA65A}.Debug|x64.ActiveCfg = Debug|Any CPU
		{0FA34F76-91ED-4037-883D-5916258BA65A}.Debug|x64.Build.0 = Debug|Any CPU
		{0FA34F76-91ED-4037-883D-5916258BA65A}.Debug|x64.Deploy.0 = Debug|Any CPU
		{0FA34F76-91ED-4037-883D-5916258BA65A}.Debug|x86.ActiveCfg = Debug|Any CPU
		{0FA34F76-91ED-4037-883D-5916258BA65A}.Debug|x86.Build.0 = Debug|Any CPU
		{0FA34F76-91ED-4037-883D-5916258BA65A}.Debug|x86.Deploy.0 = Debug|Any CPU
		{0FA34F76-91ED-4037-883D-5916258BA65A}.Release|Any CPU.ActiveCfg = Release|Any CPU
		{0FA34F76-91ED-4037-883D-5916258BA65A}.Release|Any CPU.Build.0 = Release|Any CPU
		{0FA34F76-91ED-4037-883D-5916258BA65A}.Release|Any CPU.Deploy.0 = Release|Any CPU
		{0FA34F76-91ED-4037-883D-5916258BA65A}.Release|x64.ActiveCfg = Release|Any CPU
		{0FA34F76-91ED-4037-883D-5916258BA65A}.Release|x64.Build.0 = Release|Any CPU
		{0FA34F76-91ED-4037-883D-5916258BA65A}.Release|x64.Deploy.0 = Release|Any CPU
		{0FA34F76-91ED-4037-883D-5916258BA65A}.Release|x86.ActiveCfg = Release|Any CPU
		{0FA34F76-91ED-4037-883D-5916258BA65A}.Release|x86.Build.0 = Release|Any CPU
		{0FA34F76-91ED-4037-883D-5916258BA65A}.Release|x86.Deploy.0 = Release|Any CPU
		{5E86F978-BE47-458C-ADE7-D3B5B47C514A}.Debug|Any CPU.ActiveCfg = Debug|Any CPU
		{5E86F978-BE47-458C-ADE7-D3B5B47C514A}.Debug|Any CPU.Build.0 = Debug|Any CPU
		{5E86F978-BE47-458C-ADE7-D3B5B47C514A}.Debug|Any CPU.Deploy.0 = Debug|Any CPU
		{5E86F978-BE47-458C-ADE7-D3B5B47C514A}.Debug|x64.ActiveCfg = Debug|Any CPU
		{5E86F978-BE47-458C-ADE7-D3B5B47C514A}.Debug|x64.Build.0 = Debug|Any CPU
		{5E86F978-BE47-458C-ADE7-D3B5B47C514A}.Debug|x64.Deploy.0 = Debug|Any CPU
		{5E86F978-BE47-458C-ADE7-D3B5B47C514A}.Debug|x86.ActiveCfg = Debug|Any CPU
		{5E86F978-BE47-458C-ADE7-D3B5B47C514A}.Debug|x86.Build.0 = Debug|Any CPU
		{5E86F978-BE47-458C-ADE7-D3B5B47C514A}.Debug|x86.Deploy.0 = Debug|Any CPU
		{5E86F978-BE47-458C-ADE7-D3B5B47C514A}.Release|Any CPU.ActiveCfg = Release|Any CPU
		{5E86F978-BE47-458C-ADE7-D3B5B47C514A}.Release|Any CPU.Build.0 = Release|Any CPU
		{5E86F978-BE47-458C-ADE7-D3B5B47C514A}.Release|Any CPU.Deploy.0 = Release|Any CPU
		{5E86F978-BE47-458C-ADE7-D3B5B47C514A}.Release|x64.ActiveCfg = Release|Any CPU
		{5E86F978-BE47-458C-ADE7-D3B5B47C514A}.Release|x64.Build.0 = Release|Any CPU
		{5E86F978-BE47-458C-ADE7-D3B5B47C514A}.Release|x64.Deploy.0 = Release|Any CPU
		{5E86F978-BE47-458C-ADE7-D3B5B47C514A}.Release|x86.ActiveCfg = Release|Any CPU
		{5E86F978-BE47-458C-ADE7-D3B5B47C514A}.Release|x86.Build.0 = Release|Any CPU
		{5E86F978-BE47-458C-ADE7-D3B5B47C514A}.Release|x86.Deploy.0 = Release|Any CPU
		{4C0C21B2-853F-44FD-A867-66AC42F18665}.Debug|Any CPU.ActiveCfg = Debug|Any CPU
		{4C0C21B2-853F-44FD-A867-66AC42F18665}.Debug|Any CPU.Build.0 = Debug|Any CPU
		{4C0C21B2-853F-44FD-A867-66AC42F18665}.Debug|x64.ActiveCfg = Debug|Any CPU
		{4C0C21B2-853F-44FD-A867-66AC42F18665}.Debug|x64.Build.0 = Debug|Any CPU
		{4C0C21B2-853F-44FD-A867-66AC42F18665}.Debug|x86.ActiveCfg = Debug|Any CPU
		{4C0C21B2-853F-44FD-A867-66AC42F18665}.Debug|x86.Build.0 = Debug|Any CPU
		{4C0C21B2-853F-44FD-A867-66AC42F18665}.Release|Any CPU.ActiveCfg = Release|Any CPU
		{4C0C21B2-853F-44FD-A867-66AC42F18665}.Release|Any CPU.Build.0 = Release|Any CPU
		{4C0C21B2-853F-44FD-A867-66AC42F18665}.Release|x64.ActiveCfg = Release|Any CPU
		{4C0C21B2-853F-44FD-A867-66AC42F18665}.Release|x64.Build.0 = Release|Any CPU
		{4C0C21B2-853F-44FD-A867-66AC42F18665}.Release|x86.ActiveCfg = Release|Any CPU
		{4C0C21B2-853F-44FD-A867-66AC42F18665}.Release|x86.Build.0 = Release|Any CPU
		{9C5EAA04-DC75-41BA-B602-9784F6212D25}.Debug|Any CPU.ActiveCfg = Debug|Any CPU
		{9C5EAA04-DC75-41BA-B602-9784F6212D25}.Debug|Any CPU.Build.0 = Debug|Any CPU
		{9C5EAA04-DC75-41BA-B602-9784F6212D25}.Debug|x64.ActiveCfg = Debug|Any CPU
		{9C5EAA04-DC75-41BA-B602-9784F6212D25}.Debug|x64.Build.0 = Debug|Any CPU
		{9C5EAA04-DC75-41BA-B602-9784F6212D25}.Debug|x86.ActiveCfg = Debug|Any CPU
		{9C5EAA04-DC75-41BA-B602-9784F6212D25}.Debug|x86.Build.0 = Debug|Any CPU
		{9C5EAA04-DC75-41BA-B602-9784F6212D25}.Release|Any CPU.ActiveCfg = Release|Any CPU
		{9C5EAA04-DC75-41BA-B602-9784F6212D25}.Release|Any CPU.Build.0 = Release|Any CPU
		{9C5EAA04-DC75-41BA-B602-9784F6212D25}.Release|x64.ActiveCfg = Release|Any CPU
		{9C5EAA04-DC75-41BA-B602-9784F6212D25}.Release|x64.Build.0 = Release|Any CPU
		{9C5EAA04-DC75-41BA-B602-9784F6212D25}.Release|x86.ActiveCfg = Release|Any CPU
		{9C5EAA04-DC75-41BA-B602-9784F6212D25}.Release|x86.Build.0 = Release|Any CPU
		{10EB5D1A-9986-4919-9A68-8AF4489DFCA6}.Debug|Any CPU.ActiveCfg = Debug|Any CPU
		{10EB5D1A-9986-4919-9A68-8AF4489DFCA6}.Debug|Any CPU.Build.0 = Debug|Any CPU
		{10EB5D1A-9986-4919-9A68-8AF4489DFCA6}.Debug|x64.ActiveCfg = Debug|Any CPU
		{10EB5D1A-9986-4919-9A68-8AF4489DFCA6}.Debug|x64.Build.0 = Debug|Any CPU
		{10EB5D1A-9986-4919-9A68-8AF4489DFCA6}.Debug|x86.ActiveCfg = Debug|Any CPU
		{10EB5D1A-9986-4919-9A68-8AF4489DFCA6}.Debug|x86.Build.0 = Debug|Any CPU
		{10EB5D1A-9986-4919-9A68-8AF4489DFCA6}.Release|Any CPU.ActiveCfg = Release|Any CPU
		{10EB5D1A-9986-4919-9A68-8AF4489DFCA6}.Release|Any CPU.Build.0 = Release|Any CPU
		{10EB5D1A-9986-4919-9A68-8AF4489DFCA6}.Release|x64.ActiveCfg = Release|Any CPU
		{10EB5D1A-9986-4919-9A68-8AF4489DFCA6}.Release|x64.Build.0 = Release|Any CPU
		{10EB5D1A-9986-4919-9A68-8AF4489DFCA6}.Release|x86.ActiveCfg = Release|Any CPU
		{10EB5D1A-9986-4919-9A68-8AF4489DFCA6}.Release|x86.Build.0 = Release|Any CPU
		{F589600C-8148-4AE7-BC82-5E1D4BF9A2CF}.Debug|Any CPU.ActiveCfg = Debug|Any CPU
		{F589600C-8148-4AE7-BC82-5E1D4BF9A2CF}.Debug|Any CPU.Build.0 = Debug|Any CPU
		{F589600C-8148-4AE7-BC82-5E1D4BF9A2CF}.Debug|x64.ActiveCfg = Debug|Any CPU
		{F589600C-8148-4AE7-BC82-5E1D4BF9A2CF}.Debug|x64.Build.0 = Debug|Any CPU
		{F589600C-8148-4AE7-BC82-5E1D4BF9A2CF}.Debug|x86.ActiveCfg = Debug|Any CPU
		{F589600C-8148-4AE7-BC82-5E1D4BF9A2CF}.Debug|x86.Build.0 = Debug|Any CPU
		{F589600C-8148-4AE7-BC82-5E1D4BF9A2CF}.Release|Any CPU.ActiveCfg = Release|Any CPU
		{F589600C-8148-4AE7-BC82-5E1D4BF9A2CF}.Release|Any CPU.Build.0 = Release|Any CPU
		{F589600C-8148-4AE7-BC82-5E1D4BF9A2CF}.Release|x64.ActiveCfg = Release|Any CPU
		{F589600C-8148-4AE7-BC82-5E1D4BF9A2CF}.Release|x64.Build.0 = Release|Any CPU
		{F589600C-8148-4AE7-BC82-5E1D4BF9A2CF}.Release|x86.ActiveCfg = Release|Any CPU
		{F589600C-8148-4AE7-BC82-5E1D4BF9A2CF}.Release|x86.Build.0 = Release|Any CPU
		{F08A806A-C1B9-40D7-9BE6-F47DBD66B259}.Debug|Any CPU.ActiveCfg = Debug|Any CPU
		{F08A806A-C1B9-40D7-9BE6-F47DBD66B259}.Debug|Any CPU.Build.0 = Debug|Any CPU
		{F08A806A-C1B9-40D7-9BE6-F47DBD66B259}.Debug|x64.ActiveCfg = Debug|Any CPU
		{F08A806A-C1B9-40D7-9BE6-F47DBD66B259}.Debug|x64.Build.0 = Debug|Any CPU
		{F08A806A-C1B9-40D7-9BE6-F47DBD66B259}.Debug|x86.ActiveCfg = Debug|Any CPU
		{F08A806A-C1B9-40D7-9BE6-F47DBD66B259}.Debug|x86.Build.0 = Debug|Any CPU
		{F08A806A-C1B9-40D7-9BE6-F47DBD66B259}.Release|Any CPU.ActiveCfg = Release|Any CPU
		{F08A806A-C1B9-40D7-9BE6-F47DBD66B259}.Release|Any CPU.Build.0 = Release|Any CPU
		{F08A806A-C1B9-40D7-9BE6-F47DBD66B259}.Release|x64.ActiveCfg = Release|Any CPU
		{F08A806A-C1B9-40D7-9BE6-F47DBD66B259}.Release|x64.Build.0 = Release|Any CPU
		{F08A806A-C1B9-40D7-9BE6-F47DBD66B259}.Release|x86.ActiveCfg = Release|Any CPU
		{F08A806A-C1B9-40D7-9BE6-F47DBD66B259}.Release|x86.Build.0 = Release|Any CPU
		{128D9167-3DC4-4D91-9837-CC4FDC664B13}.Debug|Any CPU.ActiveCfg = Debug|Any CPU
		{128D9167-3DC4-4D91-9837-CC4FDC664B13}.Debug|Any CPU.Build.0 = Debug|Any CPU
		{128D9167-3DC4-4D91-9837-CC4FDC664B13}.Debug|Any CPU.Deploy.0 = Debug|Any CPU
		{128D9167-3DC4-4D91-9837-CC4FDC664B13}.Debug|x64.ActiveCfg = Debug|Any CPU
		{128D9167-3DC4-4D91-9837-CC4FDC664B13}.Debug|x64.Build.0 = Debug|Any CPU
		{128D9167-3DC4-4D91-9837-CC4FDC664B13}.Debug|x64.Deploy.0 = Debug|Any CPU
		{128D9167-3DC4-4D91-9837-CC4FDC664B13}.Debug|x86.ActiveCfg = Debug|Any CPU
		{128D9167-3DC4-4D91-9837-CC4FDC664B13}.Debug|x86.Build.0 = Debug|Any CPU
		{128D9167-3DC4-4D91-9837-CC4FDC664B13}.Debug|x86.Deploy.0 = Debug|Any CPU
		{128D9167-3DC4-4D91-9837-CC4FDC664B13}.Release|Any CPU.ActiveCfg = Release|Any CPU
		{128D9167-3DC4-4D91-9837-CC4FDC664B13}.Release|Any CPU.Build.0 = Release|Any CPU
		{128D9167-3DC4-4D91-9837-CC4FDC664B13}.Release|Any CPU.Deploy.0 = Release|Any CPU
		{128D9167-3DC4-4D91-9837-CC4FDC664B13}.Release|x64.ActiveCfg = Release|Any CPU
		{128D9167-3DC4-4D91-9837-CC4FDC664B13}.Release|x64.Build.0 = Release|Any CPU
		{128D9167-3DC4-4D91-9837-CC4FDC664B13}.Release|x64.Deploy.0 = Release|Any CPU
		{128D9167-3DC4-4D91-9837-CC4FDC664B13}.Release|x86.ActiveCfg = Release|Any CPU
		{128D9167-3DC4-4D91-9837-CC4FDC664B13}.Release|x86.Build.0 = Release|Any CPU
		{128D9167-3DC4-4D91-9837-CC4FDC664B13}.Release|x86.Deploy.0 = Release|Any CPU
		{D75540B8-FE85-47E0-83A4-D381C97559D0}.Debug|Any CPU.ActiveCfg = Debug|Any CPU
		{D75540B8-FE85-47E0-83A4-D381C97559D0}.Debug|Any CPU.Build.0 = Debug|Any CPU
		{D75540B8-FE85-47E0-83A4-D381C97559D0}.Debug|x64.ActiveCfg = Debug|Any CPU
		{D75540B8-FE85-47E0-83A4-D381C97559D0}.Debug|x64.Build.0 = Debug|Any CPU
		{D75540B8-FE85-47E0-83A4-D381C97559D0}.Debug|x86.ActiveCfg = Debug|Any CPU
		{D75540B8-FE85-47E0-83A4-D381C97559D0}.Debug|x86.Build.0 = Debug|Any CPU
		{D75540B8-FE85-47E0-83A4-D381C97559D0}.Release|Any CPU.ActiveCfg = Release|Any CPU
		{D75540B8-FE85-47E0-83A4-D381C97559D0}.Release|Any CPU.Build.0 = Release|Any CPU
		{D75540B8-FE85-47E0-83A4-D381C97559D0}.Release|x64.ActiveCfg = Release|Any CPU
		{D75540B8-FE85-47E0-83A4-D381C97559D0}.Release|x64.Build.0 = Release|Any CPU
		{D75540B8-FE85-47E0-83A4-D381C97559D0}.Release|x86.ActiveCfg = Release|Any CPU
		{D75540B8-FE85-47E0-83A4-D381C97559D0}.Release|x86.Build.0 = Release|Any CPU
		{17500BC8-5DBF-415F-9454-C24EFA8EBC59}.Debug|Any CPU.ActiveCfg = Debug|Any CPU
		{17500BC8-5DBF-415F-9454-C24EFA8EBC59}.Debug|Any CPU.Build.0 = Debug|Any CPU
		{17500BC8-5DBF-415F-9454-C24EFA8EBC59}.Debug|x64.ActiveCfg = Debug|Any CPU
		{17500BC8-5DBF-415F-9454-C24EFA8EBC59}.Debug|x64.Build.0 = Debug|Any CPU
		{17500BC8-5DBF-415F-9454-C24EFA8EBC59}.Debug|x86.ActiveCfg = Debug|Any CPU
		{17500BC8-5DBF-415F-9454-C24EFA8EBC59}.Debug|x86.Build.0 = Debug|Any CPU
		{17500BC8-5DBF-415F-9454-C24EFA8EBC59}.Release|Any CPU.ActiveCfg = Release|Any CPU
		{17500BC8-5DBF-415F-9454-C24EFA8EBC59}.Release|Any CPU.Build.0 = Release|Any CPU
		{17500BC8-5DBF-415F-9454-C24EFA8EBC59}.Release|x64.ActiveCfg = Release|Any CPU
		{17500BC8-5DBF-415F-9454-C24EFA8EBC59}.Release|x64.Build.0 = Release|Any CPU
		{17500BC8-5DBF-415F-9454-C24EFA8EBC59}.Release|x86.ActiveCfg = Release|Any CPU
		{17500BC8-5DBF-415F-9454-C24EFA8EBC59}.Release|x86.Build.0 = Release|Any CPU
		{17582F6C-FC3E-427B-BDD0-FD721C6C318B}.Debug|Any CPU.ActiveCfg = Debug|Any CPU
		{17582F6C-FC3E-427B-BDD0-FD721C6C318B}.Debug|Any CPU.Build.0 = Debug|Any CPU
		{17582F6C-FC3E-427B-BDD0-FD721C6C318B}.Debug|Any CPU.Deploy.0 = Debug|Any CPU
		{17582F6C-FC3E-427B-BDD0-FD721C6C318B}.Debug|x64.ActiveCfg = Debug|Any CPU
		{17582F6C-FC3E-427B-BDD0-FD721C6C318B}.Debug|x64.Build.0 = Debug|Any CPU
		{17582F6C-FC3E-427B-BDD0-FD721C6C318B}.Debug|x64.Deploy.0 = Debug|Any CPU
		{17582F6C-FC3E-427B-BDD0-FD721C6C318B}.Debug|x86.ActiveCfg = Debug|Any CPU
		{17582F6C-FC3E-427B-BDD0-FD721C6C318B}.Debug|x86.Build.0 = Debug|Any CPU
		{17582F6C-FC3E-427B-BDD0-FD721C6C318B}.Debug|x86.Deploy.0 = Debug|Any CPU
		{17582F6C-FC3E-427B-BDD0-FD721C6C318B}.Release|Any CPU.ActiveCfg = Release|Any CPU
		{17582F6C-FC3E-427B-BDD0-FD721C6C318B}.Release|Any CPU.Build.0 = Release|Any CPU
		{17582F6C-FC3E-427B-BDD0-FD721C6C318B}.Release|Any CPU.Deploy.0 = Release|Any CPU
		{17582F6C-FC3E-427B-BDD0-FD721C6C318B}.Release|x64.ActiveCfg = Release|Any CPU
		{17582F6C-FC3E-427B-BDD0-FD721C6C318B}.Release|x64.Build.0 = Release|Any CPU
		{17582F6C-FC3E-427B-BDD0-FD721C6C318B}.Release|x64.Deploy.0 = Release|Any CPU
		{17582F6C-FC3E-427B-BDD0-FD721C6C318B}.Release|x86.ActiveCfg = Release|Any CPU
		{17582F6C-FC3E-427B-BDD0-FD721C6C318B}.Release|x86.Build.0 = Release|Any CPU
		{17582F6C-FC3E-427B-BDD0-FD721C6C318B}.Release|x86.Deploy.0 = Release|Any CPU
		{F9C6ADBE-15FB-409E-BFED-A48EEBF393A7}.Debug|Any CPU.ActiveCfg = Debug|Any CPU
		{F9C6ADBE-15FB-409E-BFED-A48EEBF393A7}.Debug|Any CPU.Build.0 = Debug|Any CPU
		{F9C6ADBE-15FB-409E-BFED-A48EEBF393A7}.Debug|Any CPU.Deploy.0 = Debug|Any CPU
		{F9C6ADBE-15FB-409E-BFED-A48EEBF393A7}.Debug|x64.ActiveCfg = Debug|Any CPU
		{F9C6ADBE-15FB-409E-BFED-A48EEBF393A7}.Debug|x64.Build.0 = Debug|Any CPU
		{F9C6ADBE-15FB-409E-BFED-A48EEBF393A7}.Debug|x64.Deploy.0 = Debug|Any CPU
		{F9C6ADBE-15FB-409E-BFED-A48EEBF393A7}.Debug|x86.ActiveCfg = Debug|Any CPU
		{F9C6ADBE-15FB-409E-BFED-A48EEBF393A7}.Debug|x86.Build.0 = Debug|Any CPU
		{F9C6ADBE-15FB-409E-BFED-A48EEBF393A7}.Debug|x86.Deploy.0 = Debug|Any CPU
		{F9C6ADBE-15FB-409E-BFED-A48EEBF393A7}.Release|Any CPU.ActiveCfg = Release|Any CPU
		{F9C6ADBE-15FB-409E-BFED-A48EEBF393A7}.Release|Any CPU.Build.0 = Release|Any CPU
		{F9C6ADBE-15FB-409E-BFED-A48EEBF393A7}.Release|Any CPU.Deploy.0 = Release|Any CPU
		{F9C6ADBE-15FB-409E-BFED-A48EEBF393A7}.Release|x64.ActiveCfg = Release|Any CPU
		{F9C6ADBE-15FB-409E-BFED-A48EEBF393A7}.Release|x64.Build.0 = Release|Any CPU
		{F9C6ADBE-15FB-409E-BFED-A48EEBF393A7}.Release|x64.Deploy.0 = Release|Any CPU
		{F9C6ADBE-15FB-409E-BFED-A48EEBF393A7}.Release|x86.ActiveCfg = Release|Any CPU
		{F9C6ADBE-15FB-409E-BFED-A48EEBF393A7}.Release|x86.Build.0 = Release|Any CPU
		{F9C6ADBE-15FB-409E-BFED-A48EEBF393A7}.Release|x86.Deploy.0 = Release|Any CPU
		{A1A8A7ED-D3D2-4916-866A-9AEB510840AC}.Debug|Any CPU.ActiveCfg = Debug|Any CPU
		{A1A8A7ED-D3D2-4916-866A-9AEB510840AC}.Debug|Any CPU.Build.0 = Debug|Any CPU
		{A1A8A7ED-D3D2-4916-866A-9AEB510840AC}.Debug|Any CPU.Deploy.0 = Debug|Any CPU
		{A1A8A7ED-D3D2-4916-866A-9AEB510840AC}.Debug|x64.ActiveCfg = Debug|Any CPU
		{A1A8A7ED-D3D2-4916-866A-9AEB510840AC}.Debug|x64.Build.0 = Debug|Any CPU
		{A1A8A7ED-D3D2-4916-866A-9AEB510840AC}.Debug|x64.Deploy.0 = Debug|Any CPU
		{A1A8A7ED-D3D2-4916-866A-9AEB510840AC}.Debug|x86.ActiveCfg = Debug|Any CPU
		{A1A8A7ED-D3D2-4916-866A-9AEB510840AC}.Debug|x86.Build.0 = Debug|Any CPU
		{A1A8A7ED-D3D2-4916-866A-9AEB510840AC}.Debug|x86.Deploy.0 = Debug|Any CPU
		{A1A8A7ED-D3D2-4916-866A-9AEB510840AC}.Release|Any CPU.ActiveCfg = Release|Any CPU
		{A1A8A7ED-D3D2-4916-866A-9AEB510840AC}.Release|Any CPU.Build.0 = Release|Any CPU
		{A1A8A7ED-D3D2-4916-866A-9AEB510840AC}.Release|Any CPU.Deploy.0 = Release|Any CPU
		{A1A8A7ED-D3D2-4916-866A-9AEB510840AC}.Release|x64.ActiveCfg = Release|Any CPU
		{A1A8A7ED-D3D2-4916-866A-9AEB510840AC}.Release|x64.Build.0 = Release|Any CPU
		{A1A8A7ED-D3D2-4916-866A-9AEB510840AC}.Release|x64.Deploy.0 = Release|Any CPU
		{A1A8A7ED-D3D2-4916-866A-9AEB510840AC}.Release|x86.ActiveCfg = Release|Any CPU
		{A1A8A7ED-D3D2-4916-866A-9AEB510840AC}.Release|x86.Build.0 = Release|Any CPU
		{A1A8A7ED-D3D2-4916-866A-9AEB510840AC}.Release|x86.Deploy.0 = Release|Any CPU
		{EBFD06D5-A7B3-48B7-8646-3155538BC867}.Debug|Any CPU.ActiveCfg = Debug|Any CPU
		{EBFD06D5-A7B3-48B7-8646-3155538BC867}.Debug|Any CPU.Build.0 = Debug|Any CPU
		{EBFD06D5-A7B3-48B7-8646-3155538BC867}.Debug|x64.ActiveCfg = Debug|Any CPU
		{EBFD06D5-A7B3-48B7-8646-3155538BC867}.Debug|x64.Build.0 = Debug|Any CPU
		{EBFD06D5-A7B3-48B7-8646-3155538BC867}.Debug|x86.ActiveCfg = Debug|Any CPU
		{EBFD06D5-A7B3-48B7-8646-3155538BC867}.Debug|x86.Build.0 = Debug|Any CPU
		{EBFD06D5-A7B3-48B7-8646-3155538BC867}.Release|Any CPU.ActiveCfg = Release|Any CPU
		{EBFD06D5-A7B3-48B7-8646-3155538BC867}.Release|Any CPU.Build.0 = Release|Any CPU
		{EBFD06D5-A7B3-48B7-8646-3155538BC867}.Release|x64.ActiveCfg = Release|Any CPU
		{EBFD06D5-A7B3-48B7-8646-3155538BC867}.Release|x64.Build.0 = Release|Any CPU
		{EBFD06D5-A7B3-48B7-8646-3155538BC867}.Release|x86.ActiveCfg = Release|Any CPU
		{EBFD06D5-A7B3-48B7-8646-3155538BC867}.Release|x86.Build.0 = Release|Any CPU
		{F00FE6A0-A6B1-4877-B988-69690D11066B}.Debug|Any CPU.ActiveCfg = Debug|Any CPU
		{F00FE6A0-A6B1-4877-B988-69690D11066B}.Debug|Any CPU.Build.0 = Debug|Any CPU
		{F00FE6A0-A6B1-4877-B988-69690D11066B}.Debug|x64.ActiveCfg = Debug|Any CPU
		{F00FE6A0-A6B1-4877-B988-69690D11066B}.Debug|x64.Build.0 = Debug|Any CPU
		{F00FE6A0-A6B1-4877-B988-69690D11066B}.Debug|x86.ActiveCfg = Debug|Any CPU
		{F00FE6A0-A6B1-4877-B988-69690D11066B}.Debug|x86.Build.0 = Debug|Any CPU
		{F00FE6A0-A6B1-4877-B988-69690D11066B}.Release|Any CPU.ActiveCfg = Release|Any CPU
		{F00FE6A0-A6B1-4877-B988-69690D11066B}.Release|Any CPU.Build.0 = Release|Any CPU
		{F00FE6A0-A6B1-4877-B988-69690D11066B}.Release|x64.ActiveCfg = Release|Any CPU
		{F00FE6A0-A6B1-4877-B988-69690D11066B}.Release|x64.Build.0 = Release|Any CPU
		{F00FE6A0-A6B1-4877-B988-69690D11066B}.Release|x86.ActiveCfg = Release|Any CPU
		{F00FE6A0-A6B1-4877-B988-69690D11066B}.Release|x86.Build.0 = Release|Any CPU
		{257BF0CC-7E4B-44EF-A01D-54BD003EE089}.Debug|Any CPU.ActiveCfg = Debug|Any CPU
		{257BF0CC-7E4B-44EF-A01D-54BD003EE089}.Debug|Any CPU.Build.0 = Debug|Any CPU
		{257BF0CC-7E4B-44EF-A01D-54BD003EE089}.Debug|x64.ActiveCfg = Debug|Any CPU
		{257BF0CC-7E4B-44EF-A01D-54BD003EE089}.Debug|x64.Build.0 = Debug|Any CPU
		{257BF0CC-7E4B-44EF-A01D-54BD003EE089}.Debug|x86.ActiveCfg = Debug|Any CPU
		{257BF0CC-7E4B-44EF-A01D-54BD003EE089}.Debug|x86.Build.0 = Debug|Any CPU
		{257BF0CC-7E4B-44EF-A01D-54BD003EE089}.Release|Any CPU.ActiveCfg = Release|Any CPU
		{257BF0CC-7E4B-44EF-A01D-54BD003EE089}.Release|Any CPU.Build.0 = Release|Any CPU
		{257BF0CC-7E4B-44EF-A01D-54BD003EE089}.Release|x64.ActiveCfg = Release|Any CPU
		{257BF0CC-7E4B-44EF-A01D-54BD003EE089}.Release|x64.Build.0 = Release|Any CPU
		{257BF0CC-7E4B-44EF-A01D-54BD003EE089}.Release|x86.ActiveCfg = Release|Any CPU
		{257BF0CC-7E4B-44EF-A01D-54BD003EE089}.Release|x86.Build.0 = Release|Any CPU
		{F300A5B2-A029-F04C-F6BB-AD41877264E3}.Debug|Any CPU.ActiveCfg = Debug|Any CPU
		{F300A5B2-A029-F04C-F6BB-AD41877264E3}.Debug|Any CPU.Build.0 = Debug|Any CPU
		{F300A5B2-A029-F04C-F6BB-AD41877264E3}.Debug|x64.ActiveCfg = Debug|Any CPU
		{F300A5B2-A029-F04C-F6BB-AD41877264E3}.Debug|x64.Build.0 = Debug|Any CPU
		{F300A5B2-A029-F04C-F6BB-AD41877264E3}.Debug|x86.ActiveCfg = Debug|Any CPU
		{F300A5B2-A029-F04C-F6BB-AD41877264E3}.Debug|x86.Build.0 = Debug|Any CPU
		{F300A5B2-A029-F04C-F6BB-AD41877264E3}.Release|Any CPU.ActiveCfg = Release|Any CPU
		{F300A5B2-A029-F04C-F6BB-AD41877264E3}.Release|Any CPU.Build.0 = Release|Any CPU
		{F300A5B2-A029-F04C-F6BB-AD41877264E3}.Release|x64.ActiveCfg = Release|Any CPU
		{F300A5B2-A029-F04C-F6BB-AD41877264E3}.Release|x64.Build.0 = Release|Any CPU
		{F300A5B2-A029-F04C-F6BB-AD41877264E3}.Release|x86.ActiveCfg = Release|Any CPU
		{F300A5B2-A029-F04C-F6BB-AD41877264E3}.Release|x86.Build.0 = Release|Any CPU
		{CBE1DCBE-419F-4F3B-ABDE-D1416A4A40F7}.Debug|Any CPU.ActiveCfg = Debug|Any CPU
		{CBE1DCBE-419F-4F3B-ABDE-D1416A4A40F7}.Debug|Any CPU.Build.0 = Debug|Any CPU
		{CBE1DCBE-419F-4F3B-ABDE-D1416A4A40F7}.Debug|x64.ActiveCfg = Debug|Any CPU
		{CBE1DCBE-419F-4F3B-ABDE-D1416A4A40F7}.Debug|x64.Build.0 = Debug|Any CPU
		{CBE1DCBE-419F-4F3B-ABDE-D1416A4A40F7}.Debug|x86.ActiveCfg = Debug|Any CPU
		{CBE1DCBE-419F-4F3B-ABDE-D1416A4A40F7}.Debug|x86.Build.0 = Debug|Any CPU
		{CBE1DCBE-419F-4F3B-ABDE-D1416A4A40F7}.Release|Any CPU.ActiveCfg = Release|Any CPU
		{CBE1DCBE-419F-4F3B-ABDE-D1416A4A40F7}.Release|Any CPU.Build.0 = Release|Any CPU
		{CBE1DCBE-419F-4F3B-ABDE-D1416A4A40F7}.Release|x64.ActiveCfg = Release|Any CPU
		{CBE1DCBE-419F-4F3B-ABDE-D1416A4A40F7}.Release|x64.Build.0 = Release|Any CPU
		{CBE1DCBE-419F-4F3B-ABDE-D1416A4A40F7}.Release|x86.ActiveCfg = Release|Any CPU
		{CBE1DCBE-419F-4F3B-ABDE-D1416A4A40F7}.Release|x86.Build.0 = Release|Any CPU
		{C512532D-ADF0-D460-B843-C239A2A093EC}.Debug|Any CPU.ActiveCfg = Debug|Any CPU
		{C512532D-ADF0-D460-B843-C239A2A093EC}.Debug|Any CPU.Build.0 = Debug|Any CPU
		{C512532D-ADF0-D460-B843-C239A2A093EC}.Debug|x64.ActiveCfg = Debug|Any CPU
		{C512532D-ADF0-D460-B843-C239A2A093EC}.Debug|x64.Build.0 = Debug|Any CPU
		{C512532D-ADF0-D460-B843-C239A2A093EC}.Debug|x86.ActiveCfg = Debug|Any CPU
		{C512532D-ADF0-D460-B843-C239A2A093EC}.Debug|x86.Build.0 = Debug|Any CPU
		{C512532D-ADF0-D460-B843-C239A2A093EC}.Release|Any CPU.ActiveCfg = Release|Any CPU
		{C512532D-ADF0-D460-B843-C239A2A093EC}.Release|Any CPU.Build.0 = Release|Any CPU
		{C512532D-ADF0-D460-B843-C239A2A093EC}.Release|x64.ActiveCfg = Release|Any CPU
		{C512532D-ADF0-D460-B843-C239A2A093EC}.Release|x64.Build.0 = Release|Any CPU
		{C512532D-ADF0-D460-B843-C239A2A093EC}.Release|x86.ActiveCfg = Release|Any CPU
		{C512532D-ADF0-D460-B843-C239A2A093EC}.Release|x86.Build.0 = Release|Any CPU
		{22A80A04-1AC5-46F1-BE57-DE9B1456B34E}.Debug|Any CPU.ActiveCfg = Debug|Any CPU
		{22A80A04-1AC5-46F1-BE57-DE9B1456B34E}.Debug|Any CPU.Build.0 = Debug|Any CPU
		{22A80A04-1AC5-46F1-BE57-DE9B1456B34E}.Debug|Any CPU.Deploy.0 = Debug|Any CPU
		{22A80A04-1AC5-46F1-BE57-DE9B1456B34E}.Debug|x64.ActiveCfg = Debug|Any CPU
		{22A80A04-1AC5-46F1-BE57-DE9B1456B34E}.Debug|x64.Build.0 = Debug|Any CPU
		{22A80A04-1AC5-46F1-BE57-DE9B1456B34E}.Debug|x64.Deploy.0 = Debug|Any CPU
		{22A80A04-1AC5-46F1-BE57-DE9B1456B34E}.Debug|x86.ActiveCfg = Debug|Any CPU
		{22A80A04-1AC5-46F1-BE57-DE9B1456B34E}.Debug|x86.Build.0 = Debug|Any CPU
		{22A80A04-1AC5-46F1-BE57-DE9B1456B34E}.Debug|x86.Deploy.0 = Debug|Any CPU
		{22A80A04-1AC5-46F1-BE57-DE9B1456B34E}.Release|Any CPU.ActiveCfg = Release|Any CPU
		{22A80A04-1AC5-46F1-BE57-DE9B1456B34E}.Release|Any CPU.Build.0 = Release|Any CPU
		{22A80A04-1AC5-46F1-BE57-DE9B1456B34E}.Release|Any CPU.Deploy.0 = Release|Any CPU
		{22A80A04-1AC5-46F1-BE57-DE9B1456B34E}.Release|x64.ActiveCfg = Release|Any CPU
		{22A80A04-1AC5-46F1-BE57-DE9B1456B34E}.Release|x64.Build.0 = Release|Any CPU
		{22A80A04-1AC5-46F1-BE57-DE9B1456B34E}.Release|x64.Deploy.0 = Release|Any CPU
		{22A80A04-1AC5-46F1-BE57-DE9B1456B34E}.Release|x86.ActiveCfg = Release|Any CPU
		{22A80A04-1AC5-46F1-BE57-DE9B1456B34E}.Release|x86.Build.0 = Release|Any CPU
		{22A80A04-1AC5-46F1-BE57-DE9B1456B34E}.Release|x86.Deploy.0 = Release|Any CPU
		{F7F37423-FFBD-4093-AC69-E1D38B208998}.Debug|Any CPU.ActiveCfg = Debug|Any CPU
		{F7F37423-FFBD-4093-AC69-E1D38B208998}.Debug|Any CPU.Build.0 = Debug|Any CPU
		{F7F37423-FFBD-4093-AC69-E1D38B208998}.Debug|x64.ActiveCfg = Debug|Any CPU
		{F7F37423-FFBD-4093-AC69-E1D38B208998}.Debug|x64.Build.0 = Debug|Any CPU
		{F7F37423-FFBD-4093-AC69-E1D38B208998}.Debug|x86.ActiveCfg = Debug|Any CPU
		{F7F37423-FFBD-4093-AC69-E1D38B208998}.Debug|x86.Build.0 = Debug|Any CPU
		{F7F37423-FFBD-4093-AC69-E1D38B208998}.Release|Any CPU.ActiveCfg = Release|Any CPU
		{F7F37423-FFBD-4093-AC69-E1D38B208998}.Release|Any CPU.Build.0 = Release|Any CPU
		{F7F37423-FFBD-4093-AC69-E1D38B208998}.Release|x64.ActiveCfg = Release|Any CPU
		{F7F37423-FFBD-4093-AC69-E1D38B208998}.Release|x64.Build.0 = Release|Any CPU
		{F7F37423-FFBD-4093-AC69-E1D38B208998}.Release|x86.ActiveCfg = Release|Any CPU
		{F7F37423-FFBD-4093-AC69-E1D38B208998}.Release|x86.Build.0 = Release|Any CPU
		{74BC61BE-4CAC-4310-8BEA-82135EFE5B07}.Debug|Any CPU.ActiveCfg = Debug|Any CPU
		{74BC61BE-4CAC-4310-8BEA-82135EFE5B07}.Debug|Any CPU.Build.0 = Debug|Any CPU
		{74BC61BE-4CAC-4310-8BEA-82135EFE5B07}.Debug|x64.ActiveCfg = Debug|Any CPU
		{74BC61BE-4CAC-4310-8BEA-82135EFE5B07}.Debug|x64.Build.0 = Debug|Any CPU
		{74BC61BE-4CAC-4310-8BEA-82135EFE5B07}.Debug|x86.ActiveCfg = Debug|Any CPU
		{74BC61BE-4CAC-4310-8BEA-82135EFE5B07}.Debug|x86.Build.0 = Debug|Any CPU
		{74BC61BE-4CAC-4310-8BEA-82135EFE5B07}.Release|Any CPU.ActiveCfg = Release|Any CPU
		{74BC61BE-4CAC-4310-8BEA-82135EFE5B07}.Release|Any CPU.Build.0 = Release|Any CPU
		{74BC61BE-4CAC-4310-8BEA-82135EFE5B07}.Release|x64.ActiveCfg = Release|Any CPU
		{74BC61BE-4CAC-4310-8BEA-82135EFE5B07}.Release|x64.Build.0 = Release|Any CPU
		{74BC61BE-4CAC-4310-8BEA-82135EFE5B07}.Release|x86.ActiveCfg = Release|Any CPU
		{74BC61BE-4CAC-4310-8BEA-82135EFE5B07}.Release|x86.Build.0 = Release|Any CPU
		{6376162B-BD8C-4FDF-A68C-2409C0227867}.Debug|Any CPU.ActiveCfg = Debug|Any CPU
		{6376162B-BD8C-4FDF-A68C-2409C0227867}.Debug|Any CPU.Build.0 = Debug|Any CPU
		{6376162B-BD8C-4FDF-A68C-2409C0227867}.Debug|x64.ActiveCfg = Debug|Any CPU
		{6376162B-BD8C-4FDF-A68C-2409C0227867}.Debug|x64.Build.0 = Debug|Any CPU
		{6376162B-BD8C-4FDF-A68C-2409C0227867}.Debug|x86.ActiveCfg = Debug|Any CPU
		{6376162B-BD8C-4FDF-A68C-2409C0227867}.Debug|x86.Build.0 = Debug|Any CPU
		{6376162B-BD8C-4FDF-A68C-2409C0227867}.Release|Any CPU.ActiveCfg = Release|Any CPU
		{6376162B-BD8C-4FDF-A68C-2409C0227867}.Release|Any CPU.Build.0 = Release|Any CPU
		{6376162B-BD8C-4FDF-A68C-2409C0227867}.Release|x64.ActiveCfg = Release|Any CPU
		{6376162B-BD8C-4FDF-A68C-2409C0227867}.Release|x64.Build.0 = Release|Any CPU
		{6376162B-BD8C-4FDF-A68C-2409C0227867}.Release|x86.ActiveCfg = Release|Any CPU
		{6376162B-BD8C-4FDF-A68C-2409C0227867}.Release|x86.Build.0 = Release|Any CPU
		{1F0C2D67-F895-4E73-952D-C7EEE59E403B}.Debug|Any CPU.ActiveCfg = Debug|Any CPU
		{1F0C2D67-F895-4E73-952D-C7EEE59E403B}.Debug|Any CPU.Build.0 = Debug|Any CPU
		{1F0C2D67-F895-4E73-952D-C7EEE59E403B}.Debug|x64.ActiveCfg = Debug|Any CPU
		{1F0C2D67-F895-4E73-952D-C7EEE59E403B}.Debug|x64.Build.0 = Debug|Any CPU
		{1F0C2D67-F895-4E73-952D-C7EEE59E403B}.Debug|x86.ActiveCfg = Debug|Any CPU
		{1F0C2D67-F895-4E73-952D-C7EEE59E403B}.Debug|x86.Build.0 = Debug|Any CPU
		{1F0C2D67-F895-4E73-952D-C7EEE59E403B}.Release|Any CPU.ActiveCfg = Release|Any CPU
		{1F0C2D67-F895-4E73-952D-C7EEE59E403B}.Release|Any CPU.Build.0 = Release|Any CPU
		{1F0C2D67-F895-4E73-952D-C7EEE59E403B}.Release|x64.ActiveCfg = Release|Any CPU
		{1F0C2D67-F895-4E73-952D-C7EEE59E403B}.Release|x64.Build.0 = Release|Any CPU
		{1F0C2D67-F895-4E73-952D-C7EEE59E403B}.Release|x86.ActiveCfg = Release|Any CPU
		{1F0C2D67-F895-4E73-952D-C7EEE59E403B}.Release|x86.Build.0 = Release|Any CPU
		{877124DB-D37E-4C2C-A01A-03B76DA6AF56}.Debug|Any CPU.ActiveCfg = Debug|Any CPU
		{877124DB-D37E-4C2C-A01A-03B76DA6AF56}.Debug|Any CPU.Build.0 = Debug|Any CPU
		{877124DB-D37E-4C2C-A01A-03B76DA6AF56}.Debug|x64.ActiveCfg = Debug|Any CPU
		{877124DB-D37E-4C2C-A01A-03B76DA6AF56}.Debug|x64.Build.0 = Debug|Any CPU
		{877124DB-D37E-4C2C-A01A-03B76DA6AF56}.Debug|x86.ActiveCfg = Debug|Any CPU
		{877124DB-D37E-4C2C-A01A-03B76DA6AF56}.Debug|x86.Build.0 = Debug|Any CPU
		{877124DB-D37E-4C2C-A01A-03B76DA6AF56}.Release|Any CPU.ActiveCfg = Release|Any CPU
		{877124DB-D37E-4C2C-A01A-03B76DA6AF56}.Release|Any CPU.Build.0 = Release|Any CPU
		{877124DB-D37E-4C2C-A01A-03B76DA6AF56}.Release|x64.ActiveCfg = Release|Any CPU
		{877124DB-D37E-4C2C-A01A-03B76DA6AF56}.Release|x64.Build.0 = Release|Any CPU
		{877124DB-D37E-4C2C-A01A-03B76DA6AF56}.Release|x86.ActiveCfg = Release|Any CPU
		{877124DB-D37E-4C2C-A01A-03B76DA6AF56}.Release|x86.Build.0 = Release|Any CPU
		{10A645A2-039D-4906-BCB7-DBE12B0EF34D}.Debug|Any CPU.ActiveCfg = Debug|Any CPU
		{10A645A2-039D-4906-BCB7-DBE12B0EF34D}.Debug|Any CPU.Build.0 = Debug|Any CPU
		{10A645A2-039D-4906-BCB7-DBE12B0EF34D}.Debug|x64.ActiveCfg = Debug|Any CPU
		{10A645A2-039D-4906-BCB7-DBE12B0EF34D}.Debug|x64.Build.0 = Debug|Any CPU
		{10A645A2-039D-4906-BCB7-DBE12B0EF34D}.Debug|x86.ActiveCfg = Debug|Any CPU
		{10A645A2-039D-4906-BCB7-DBE12B0EF34D}.Debug|x86.Build.0 = Debug|Any CPU
		{10A645A2-039D-4906-BCB7-DBE12B0EF34D}.Release|Any CPU.ActiveCfg = Release|Any CPU
		{10A645A2-039D-4906-BCB7-DBE12B0EF34D}.Release|Any CPU.Build.0 = Release|Any CPU
		{10A645A2-039D-4906-BCB7-DBE12B0EF34D}.Release|x64.ActiveCfg = Release|Any CPU
		{10A645A2-039D-4906-BCB7-DBE12B0EF34D}.Release|x64.Build.0 = Release|Any CPU
		{10A645A2-039D-4906-BCB7-DBE12B0EF34D}.Release|x86.ActiveCfg = Release|Any CPU
		{10A645A2-039D-4906-BCB7-DBE12B0EF34D}.Release|x86.Build.0 = Release|Any CPU
		{199066EA-192B-4126-A1BC-85900CDCA1DD}.Debug|Any CPU.ActiveCfg = Debug|Any CPU
		{199066EA-192B-4126-A1BC-85900CDCA1DD}.Debug|Any CPU.Build.0 = Debug|Any CPU
		{199066EA-192B-4126-A1BC-85900CDCA1DD}.Debug|x64.ActiveCfg = Debug|Any CPU
		{199066EA-192B-4126-A1BC-85900CDCA1DD}.Debug|x64.Build.0 = Debug|Any CPU
		{199066EA-192B-4126-A1BC-85900CDCA1DD}.Debug|x86.ActiveCfg = Debug|Any CPU
		{199066EA-192B-4126-A1BC-85900CDCA1DD}.Debug|x86.Build.0 = Debug|Any CPU
		{199066EA-192B-4126-A1BC-85900CDCA1DD}.Release|Any CPU.ActiveCfg = Release|Any CPU
		{199066EA-192B-4126-A1BC-85900CDCA1DD}.Release|Any CPU.Build.0 = Release|Any CPU
		{199066EA-192B-4126-A1BC-85900CDCA1DD}.Release|x64.ActiveCfg = Release|Any CPU
		{199066EA-192B-4126-A1BC-85900CDCA1DD}.Release|x64.Build.0 = Release|Any CPU
		{199066EA-192B-4126-A1BC-85900CDCA1DD}.Release|x86.ActiveCfg = Release|Any CPU
		{199066EA-192B-4126-A1BC-85900CDCA1DD}.Release|x86.Build.0 = Release|Any CPU
	EndGlobalSection
	GlobalSection(SolutionProperties) = preSolution
		HideSolutionNode = FALSE
	EndGlobalSection
	GlobalSection(NestedProjects) = preSolution
		{59610D37-9788-4B5B-92C3-2ABF39BE821A} = {581C4EBC-8973-4D51-BD8E-F76AA4E16773}
		{7362A124-F12D-4E8D-A845-4AC2678D18F6} = {25487F3E-ECA0-4FC3-A61F-13DCC56974D1}
		{7691253C-BDDA-4BEE-ACEF-879B84F270F4} = {25487F3E-ECA0-4FC3-A61F-13DCC56974D1}
		{AD41D2AA-7403-43A7-9D34-7700A4AF9F85} = {605FBD70-9552-462C-BAC2-90D4655F1A27}
		{47A53A37-1E8C-479C-B3B5-276D2D05154E} = {C4AA533A-1A3C-4BBC-BA2B-A678FB784CA2}
		{0FA34F76-91ED-4037-883D-5916258BA65A} = {25487F3E-ECA0-4FC3-A61F-13DCC56974D1}
		{5E86F978-BE47-458C-ADE7-D3B5B47C514A} = {581C4EBC-8973-4D51-BD8E-F76AA4E16773}
		{4C0C21B2-853F-44FD-A867-66AC42F18665} = {D30CBF2D-71E6-43EE-85EC-BF193B03782D}
		{581C4EBC-8973-4D51-BD8E-F76AA4E16773} = {C4AA533A-1A3C-4BBC-BA2B-A678FB784CA2}
		{25487F3E-ECA0-4FC3-A61F-13DCC56974D1} = {C4AA533A-1A3C-4BBC-BA2B-A678FB784CA2}
		{605FBD70-9552-462C-BAC2-90D4655F1A27} = {D30CBF2D-71E6-43EE-85EC-BF193B03782D}
		{C4AA533A-1A3C-4BBC-BA2B-A678FB784CA2} = {D30CBF2D-71E6-43EE-85EC-BF193B03782D}
		{8242D833-6E75-4EAA-9EB1-57B7EC128354} = {D30CBF2D-71E6-43EE-85EC-BF193B03782D}
		{9C5EAA04-DC75-41BA-B602-9784F6212D25} = {C4AA533A-1A3C-4BBC-BA2B-A678FB784CA2}
		{10EB5D1A-9986-4919-9A68-8AF4489DFCA6} = {605FBD70-9552-462C-BAC2-90D4655F1A27}
		{F589600C-8148-4AE7-BC82-5E1D4BF9A2CF} = {D30CBF2D-71E6-43EE-85EC-BF193B03782D}
		{F08A806A-C1B9-40D7-9BE6-F47DBD66B259} = {8242D833-6E75-4EAA-9EB1-57B7EC128354}
		{128D9167-3DC4-4D91-9837-CC4FDC664B13} = {8242D833-6E75-4EAA-9EB1-57B7EC128354}
		{B6043229-B4C5-4DA1-9204-75875A6CF80F} = {D30CBF2D-71E6-43EE-85EC-BF193B03782D}
		{D75540B8-FE85-47E0-83A4-D381C97559D0} = {B6043229-B4C5-4DA1-9204-75875A6CF80F}
		{17500BC8-5DBF-415F-9454-C24EFA8EBC59} = {B6043229-B4C5-4DA1-9204-75875A6CF80F}
		{17582F6C-FC3E-427B-BDD0-FD721C6C318B} = {8242D833-6E75-4EAA-9EB1-57B7EC128354}
		{F9C6ADBE-15FB-409E-BFED-A48EEBF393A7} = {8242D833-6E75-4EAA-9EB1-57B7EC128354}
		{A1A8A7ED-D3D2-4916-866A-9AEB510840AC} = {8242D833-6E75-4EAA-9EB1-57B7EC128354}
		{EBFD06D5-A7B3-48B7-8646-3155538BC867} = {D30CBF2D-71E6-43EE-85EC-BF193B03782D}
		{F00FE6A0-A6B1-4877-B988-69690D11066B} = {D30CBF2D-71E6-43EE-85EC-BF193B03782D}
		{257BF0CC-7E4B-44EF-A01D-54BD003EE089} = {D30CBF2D-71E6-43EE-85EC-BF193B03782D}
		{F300A5B2-A029-F04C-F6BB-AD41877264E3} = {D30CBF2D-71E6-43EE-85EC-BF193B03782D}
		{CBE1DCBE-419F-4F3B-ABDE-D1416A4A40F7} = {605FBD70-9552-462C-BAC2-90D4655F1A27}
		{C512532D-ADF0-D460-B843-C239A2A093EC} = {D30CBF2D-71E6-43EE-85EC-BF193B03782D}
		{22A80A04-1AC5-46F1-BE57-DE9B1456B34E} = {8242D833-6E75-4EAA-9EB1-57B7EC128354}
		{F7F37423-FFBD-4093-AC69-E1D38B208998} = {D30CBF2D-71E6-43EE-85EC-BF193B03782D}
		{74BC61BE-4CAC-4310-8BEA-82135EFE5B07} = {D30CBF2D-71E6-43EE-85EC-BF193B03782D}
		{6376162B-BD8C-4FDF-A68C-2409C0227867} = {0AB3BF05-4346-4AA6-1389-037BE0695223}
		{1F0C2D67-F895-4E73-952D-C7EEE59E403B} = {0AB3BF05-4346-4AA6-1389-037BE0695223}
		{B9D0FD61-3B03-4F77-C813-744B40F67260} = {D30CBF2D-71E6-43EE-85EC-BF193B03782D}
		{877124DB-D37E-4C2C-A01A-03B76DA6AF56} = {0AB3BF05-4346-4AA6-1389-037BE0695223}
		{10A645A2-039D-4906-BCB7-DBE12B0EF34D} = {0AB3BF05-4346-4AA6-1389-037BE0695223}
		{199066EA-192B-4126-A1BC-85900CDCA1DD} = {0AB3BF05-4346-4AA6-1389-037BE0695223}
	EndGlobalSection
	GlobalSection(ExtensibilityGlobals) = postSolution
		SolutionGuid = {39E62751-A441-4DEF-AD24-20CDC6D59FF3}
	EndGlobalSection
EndGlobal
