Microsoft Visual Studio Solution File, Format Version 12.00
# Visual Studio Version 17
VisualStudioVersion = 17.5.2.0
MinimumVisualStudioVersion = 10.0.40219.1
Project("{FAE04EC0-301F-11D3-BF4B-00C04F79EFBC}") = "Visualiser", "Visualiser.csproj", "{6CFE6518-C63C-F8D2-3DDC-5C276D8BCABE}"
EndProject
Global
	GlobalSection(SolutionConfigurationPlatforms) = preSolution
		Debug|Any CPU = Debug|Any CPU
		Release|Any CPU = Release|Any CPU
	EndGlobalSection
	GlobalSection(ProjectConfigurationPlatforms) = postSolution
		{6CFE6518-C63C-F8D2-3DDC-5C276D8BCABE}.Debug|Any CPU.ActiveCfg = Debug|Any CPU
		{6CFE6518-C63C-F8D2-3DDC-5C276D8BCABE}.Debug|Any CPU.Build.0 = Debug|Any CPU
		{6CFE6518-C63C-F8D2-3DDC-5C276D8BCABE}.Release|Any CPU.ActiveCfg = Release|Any CPU
		{6CFE6518-C63C-F8D2-3DDC-5C276D8BCABE}.Release|Any CPU.Build.0 = Release|Any CPU
	EndGlobalSection
	GlobalSection(SolutionProperties) = preSolution
		HideSolutionNode = FALSE
	EndGlobalSection
	GlobalSection(ExtensibilityGlobals) = postSolution
		SolutionGuid = {35E70FFD-599B-4580-A29C-3E6001669558}
	EndGlobalSection
EndGlobal
